// !$*UTF8*$!
{
	archiveVersion = 1;
	classes = {
	};
	objectVersion = 50;
	objects = {

/* Begin PBXBuildFile section */
		4903F39F24EDB8F500AD7707 /* FriendsCollectionViewController.swift in Sources */ = {isa = PBXBuildFile; fileRef = 4903F39E24EDB8F500AD7707 /* FriendsCollectionViewController.swift */; };
		4903F3A124EDB90A00AD7707 /* FriendsTableViewController.swift in Sources */ = {isa = PBXBuildFile; fileRef = 4903F3A024EDB90A00AD7707 /* FriendsTableViewController.swift */; };
		4903F3A324EDB9D100AD7707 /* User.swift in Sources */ = {isa = PBXBuildFile; fileRef = 4903F3A224EDB9D100AD7707 /* User.swift */; };
		4903F3A524EDB9DB00AD7707 /* Group.swift in Sources */ = {isa = PBXBuildFile; fileRef = 4903F3A424EDB9DB00AD7707 /* Group.swift */; };
		49070A4F24FBC41D00D2A668 /* Gradient.swift in Sources */ = {isa = PBXBuildFile; fileRef = 49070A4E24FBC41D00D2A668 /* Gradient.swift */; };
		4912CE9E24F13CBA003C7AFB /* FriendCell.swift in Sources */ = {isa = PBXBuildFile; fileRef = 4912CE9D24F13CBA003C7AFB /* FriendCell.swift */; };
		4912CEA124F162EE003C7AFB /* GroupCell.swift in Sources */ = {isa = PBXBuildFile; fileRef = 4912CEA024F162EE003C7AFB /* GroupCell.swift */; };
		4912CEA324F16317003C7AFB /* MyGroupsController.swift in Sources */ = {isa = PBXBuildFile; fileRef = 4912CEA224F16317003C7AFB /* MyGroupsController.swift */; };
		4912CEA524F16356003C7AFB /* AvalibleGroupController.swift in Sources */ = {isa = PBXBuildFile; fileRef = 4912CEA424F16356003C7AFB /* AvalibleGroupController.swift */; };
		4912CEAC24F3983D003C7AFB /* Alert.swift in Sources */ = {isa = PBXBuildFile; fileRef = 4912CEAB24F3983D003C7AFB /* Alert.swift */; };
		49209E2B24F777A7005D856F /* BackView.swift in Sources */ = {isa = PBXBuildFile; fileRef = 49209E2A24F777A7005D856F /* BackView.swift */; };
		49209E2E24F7C857005D856F /* FriendPhotoCollectionViewCell.swift in Sources */ = {isa = PBXBuildFile; fileRef = 49209E2D24F7C857005D856F /* FriendPhotoCollectionViewCell.swift */; };
		49209E3224FADB25005D856F /* CustomButton.swift in Sources */ = {isa = PBXBuildFile; fileRef = 49209E3124FADB25005D856F /* CustomButton.swift */; };
		4960E1F024F65CCE009B9584 /* AvatarView.swift in Sources */ = {isa = PBXBuildFile; fileRef = 4960E1EF24F65CCE009B9584 /* AvatarView.swift */; };
		499C680124EC5ACE007C31D4 /* AppDelegate.swift in Sources */ = {isa = PBXBuildFile; fileRef = 499C680024EC5ACE007C31D4 /* AppDelegate.swift */; };
		499C680324EC5ACE007C31D4 /* SceneDelegate.swift in Sources */ = {isa = PBXBuildFile; fileRef = 499C680224EC5ACE007C31D4 /* SceneDelegate.swift */; };
		499C680524EC5ACE007C31D4 /* LoginController.swift in Sources */ = {isa = PBXBuildFile; fileRef = 499C680424EC5ACE007C31D4 /* LoginController.swift */; };
		499C680824EC5ACE007C31D4 /* Main.storyboard in Resources */ = {isa = PBXBuildFile; fileRef = 499C680624EC5ACE007C31D4 /* Main.storyboard */; };
		499C680A24EC5AD9007C31D4 /* Assets.xcassets in Resources */ = {isa = PBXBuildFile; fileRef = 499C680924EC5AD9007C31D4 /* Assets.xcassets */; };
		499C680D24EC5AD9007C31D4 /* LaunchScreen.storyboard in Resources */ = {isa = PBXBuildFile; fileRef = 499C680B24EC5AD9007C31D4 /* LaunchScreen.storyboard */; };
/* End PBXBuildFile section */

/* Begin PBXFileReference section */
		4903F39E24EDB8F500AD7707 /* FriendsCollectionViewController.swift */ = {isa = PBXFileReference; lastKnownFileType = sourcecode.swift; path = FriendsCollectionViewController.swift; sourceTree = "<group>"; };
		4903F3A024EDB90A00AD7707 /* FriendsTableViewController.swift */ = {isa = PBXFileReference; lastKnownFileType = sourcecode.swift; path = FriendsTableViewController.swift; sourceTree = "<group>"; };
		4903F3A224EDB9D100AD7707 /* User.swift */ = {isa = PBXFileReference; lastKnownFileType = sourcecode.swift; path = User.swift; sourceTree = "<group>"; };
		4903F3A424EDB9DB00AD7707 /* Group.swift */ = {isa = PBXFileReference; lastKnownFileType = sourcecode.swift; path = Group.swift; sourceTree = "<group>"; };
		49070A4E24FBC41D00D2A668 /* Gradient.swift */ = {isa = PBXFileReference; lastKnownFileType = sourcecode.swift; path = Gradient.swift; sourceTree = "<group>"; };
		4912CE9D24F13CBA003C7AFB /* FriendCell.swift */ = {isa = PBXFileReference; lastKnownFileType = sourcecode.swift; path = FriendCell.swift; sourceTree = "<group>"; };
		4912CEA024F162EE003C7AFB /* GroupCell.swift */ = {isa = PBXFileReference; lastKnownFileType = sourcecode.swift; path = GroupCell.swift; sourceTree = "<group>"; };
		4912CEA224F16317003C7AFB /* MyGroupsController.swift */ = {isa = PBXFileReference; lastKnownFileType = sourcecode.swift; path = MyGroupsController.swift; sourceTree = "<group>"; };
		4912CEA424F16356003C7AFB /* AvalibleGroupController.swift */ = {isa = PBXFileReference; lastKnownFileType = sourcecode.swift; path = AvalibleGroupController.swift; sourceTree = "<group>"; };
		4912CEAB24F3983D003C7AFB /* Alert.swift */ = {isa = PBXFileReference; lastKnownFileType = sourcecode.swift; path = Alert.swift; sourceTree = "<group>"; };
		49209E2A24F777A7005D856F /* BackView.swift */ = {isa = PBXFileReference; lastKnownFileType = sourcecode.swift; path = BackView.swift; sourceTree = "<group>"; };
		49209E2D24F7C857005D856F /* FriendPhotoCollectionViewCell.swift */ = {isa = PBXFileReference; lastKnownFileType = sourcecode.swift; path = FriendPhotoCollectionViewCell.swift; sourceTree = "<group>"; };
		49209E3124FADB25005D856F /* CustomButton.swift */ = {isa = PBXFileReference; lastKnownFileType = sourcecode.swift; path = CustomButton.swift; sourceTree = "<group>"; };
		4960E1EF24F65CCE009B9584 /* AvatarView.swift */ = {isa = PBXFileReference; lastKnownFileType = sourcecode.swift; path = AvatarView.swift; sourceTree = "<group>"; };
		499C67FD24EC5ACE007C31D4 /* Own VK App.app */ = {isa = PBXFileReference; explicitFileType = wrapper.application; includeInIndex = 0; path = "Own VK App.app"; sourceTree = BUILT_PRODUCTS_DIR; };
		499C680024EC5ACE007C31D4 /* AppDelegate.swift */ = {isa = PBXFileReference; lastKnownFileType = sourcecode.swift; path = AppDelegate.swift; sourceTree = "<group>"; };
		499C680224EC5ACE007C31D4 /* SceneDelegate.swift */ = {isa = PBXFileReference; lastKnownFileType = sourcecode.swift; path = SceneDelegate.swift; sourceTree = "<group>"; };
		499C680424EC5ACE007C31D4 /* LoginController.swift */ = {isa = PBXFileReference; lastKnownFileType = sourcecode.swift; path = LoginController.swift; sourceTree = "<group>"; };
		499C680724EC5ACE007C31D4 /* Base */ = {isa = PBXFileReference; lastKnownFileType = file.storyboard; name = Base; path = Base.lproj/Main.storyboard; sourceTree = "<group>"; };
		499C680924EC5AD9007C31D4 /* Assets.xcassets */ = {isa = PBXFileReference; lastKnownFileType = folder.assetcatalog; path = Assets.xcassets; sourceTree = "<group>"; };
		499C680C24EC5AD9007C31D4 /* Base */ = {isa = PBXFileReference; lastKnownFileType = file.storyboard; name = Base; path = Base.lproj/LaunchScreen.storyboard; sourceTree = "<group>"; };
		499C680E24EC5AD9007C31D4 /* Info.plist */ = {isa = PBXFileReference; lastKnownFileType = text.plist.xml; path = Info.plist; sourceTree = "<group>"; };
/* End PBXFileReference section */

/* Begin PBXFrameworksBuildPhase section */
		499C67FA24EC5ACE007C31D4 /* Frameworks */ = {
			isa = PBXFrameworksBuildPhase;
			buildActionMask = 2147483647;
			files = (
			);
			runOnlyForDeploymentPostprocessing = 0;
		};
/* End PBXFrameworksBuildPhase section */

/* Begin PBXGroup section */
		4903F3A624EDB9E500AD7707 /* Model */ = {
			isa = PBXGroup;
			children = (
				4903F3A224EDB9D100AD7707 /* User.swift */,
				4903F3A424EDB9DB00AD7707 /* Group.swift */,
				4912CEAB24F3983D003C7AFB /* Alert.swift */,
			);
			path = Model;
			sourceTree = "<group>";
		};
		4912CE9F24F16297003C7AFB /* Friends */ = {
			isa = PBXGroup;
			children = (
				4917723D2500CE4B00A19042 /* Cells */,
				4903F3A024EDB90A00AD7707 /* FriendsTableViewController.swift */,
				4903F39E24EDB8F500AD7707 /* FriendsCollectionViewController.swift */,
			);
			path = Friends;
			sourceTree = "<group>";
		};
		4912CEA624F16367003C7AFB /* Groups */ = {
			isa = PBXGroup;
			children = (
				4912CEA024F162EE003C7AFB /* GroupCell.swift */,
				4912CEA224F16317003C7AFB /* MyGroupsController.swift */,
				4912CEA424F16356003C7AFB /* AvalibleGroupController.swift */,
			);
			path = Groups;
			sourceTree = "<group>";
		};
		4917723D2500CE4B00A19042 /* Cells */ = {
			isa = PBXGroup;
			children = (
				4912CE9D24F13CBA003C7AFB /* FriendCell.swift */,
				49209E2D24F7C857005D856F /* FriendPhotoCollectionViewCell.swift */,
			);
			path = Cells;
			sourceTree = "<group>";
		};
		49209E2C24F7BAD4005D856F /* View */ = {
			isa = PBXGroup;
			children = (
				4960E1EF24F65CCE009B9584 /* AvatarView.swift */,
				49209E2A24F777A7005D856F /* BackView.swift */,
				49209E3124FADB25005D856F /* CustomButton.swift */,
				49070A4E24FBC41D00D2A668 /* Gradient.swift */,
			);
			path = View;
			sourceTree = "<group>";
		};
		499C67F424EC5ACE007C31D4 = {
			isa = PBXGroup;
			children = (
				499C67FF24EC5ACE007C31D4 /* Own VK App */,
				499C67FE24EC5ACE007C31D4 /* Products */,
			);
			sourceTree = "<group>";
		};
		499C67FE24EC5ACE007C31D4 /* Products */ = {
			isa = PBXGroup;
			children = (
				499C67FD24EC5ACE007C31D4 /* Own VK App.app */,
			);
			name = Products;
			sourceTree = "<group>";
		};
		499C67FF24EC5ACE007C31D4 /* Own VK App */ = {
			isa = PBXGroup;
			children = (
				499C680024EC5ACE007C31D4 /* AppDelegate.swift */,
				499C680224EC5ACE007C31D4 /* SceneDelegate.swift */,
				499C680424EC5ACE007C31D4 /* LoginController.swift */,
				49209E2C24F7BAD4005D856F /* View */,
				4903F3A624EDB9E500AD7707 /* Model */,
				4912CE9F24F16297003C7AFB /* Friends */,
				4912CEA624F16367003C7AFB /* Groups */,
				499C680624EC5ACE007C31D4 /* Main.storyboard */,
				499C680924EC5AD9007C31D4 /* Assets.xcassets */,
				499C680B24EC5AD9007C31D4 /* LaunchScreen.storyboard */,
				499C680E24EC5AD9007C31D4 /* Info.plist */,
			);
			path = "Own VK App";
			sourceTree = "<group>";
		};
/* End PBXGroup section */

/* Begin PBXNativeTarget section */
		499C67FC24EC5ACE007C31D4 /* Own VK App */ = {
			isa = PBXNativeTarget;
			buildConfigurationList = 499C681124EC5AD9007C31D4 /* Build configuration list for PBXNativeTarget "Own VK App" */;
			buildPhases = (
				499C67F924EC5ACE007C31D4 /* Sources */,
				499C67FA24EC5ACE007C31D4 /* Frameworks */,
				499C67FB24EC5ACE007C31D4 /* Resources */,
			);
			buildRules = (
			);
			dependencies = (
			);
			name = "Own VK App";
			productName = "Own VK App";
			productReference = 499C67FD24EC5ACE007C31D4 /* Own VK App.app */;
			productType = "com.apple.product-type.application";
		};
/* End PBXNativeTarget section */

/* Begin PBXProject section */
		499C67F524EC5ACE007C31D4 /* Project object */ = {
			isa = PBXProject;
			attributes = {
				LastSwiftUpdateCheck = 1160;
				LastUpgradeCheck = 1160;
				ORGANIZATIONNAME = "Max&Co";
				TargetAttributes = {
					499C67FC24EC5ACE007C31D4 = {
						CreatedOnToolsVersion = 11.6;
					};
				};
			};
			buildConfigurationList = 499C67F824EC5ACE007C31D4 /* Build configuration list for PBXProject "Own VK App" */;
			compatibilityVersion = "Xcode 9.3";
			developmentRegion = en;
			hasScannedForEncodings = 0;
			knownRegions = (
				en,
				Base,
			);
			mainGroup = 499C67F424EC5ACE007C31D4;
			productRefGroup = 499C67FE24EC5ACE007C31D4 /* Products */;
			projectDirPath = "";
			projectRoot = "";
			targets = (
				499C67FC24EC5ACE007C31D4 /* Own VK App */,
			);
		};
/* End PBXProject section */

/* Begin PBXResourcesBuildPhase section */
		499C67FB24EC5ACE007C31D4 /* Resources */ = {
			isa = PBXResourcesBuildPhase;
			buildActionMask = 2147483647;
			files = (
				499C680D24EC5AD9007C31D4 /* LaunchScreen.storyboard in Resources */,
				499C680A24EC5AD9007C31D4 /* Assets.xcassets in Resources */,
				499C680824EC5ACE007C31D4 /* Main.storyboard in Resources */,
			);
			runOnlyForDeploymentPostprocessing = 0;
		};
/* End PBXResourcesBuildPhase section */

/* Begin PBXSourcesBuildPhase section */
		499C67F924EC5ACE007C31D4 /* Sources */ = {
			isa = PBXSourcesBuildPhase;
			buildActionMask = 2147483647;
			files = (
				4912CEA124F162EE003C7AFB /* GroupCell.swift in Sources */,
				49209E2E24F7C857005D856F /* FriendPhotoCollectionViewCell.swift in Sources */,
				4903F3A524EDB9DB00AD7707 /* Group.swift in Sources */,
				499C680524EC5ACE007C31D4 /* LoginController.swift in Sources */,
				49070A4F24FBC41D00D2A668 /* Gradient.swift in Sources */,
				49209E3224FADB25005D856F /* CustomButton.swift in Sources */,
				499C680124EC5ACE007C31D4 /* AppDelegate.swift in Sources */,
				4960E1F024F65CCE009B9584 /* AvatarView.swift in Sources */,
				4912CE9E24F13CBA003C7AFB /* FriendCell.swift in Sources */,
				4903F3A324EDB9D100AD7707 /* User.swift in Sources */,
				4912CEAC24F3983D003C7AFB /* Alert.swift in Sources */,
				4903F39F24EDB8F500AD7707 /* FriendsCollectionViewController.swift in Sources */,
				4912CEA324F16317003C7AFB /* MyGroupsController.swift in Sources */,
				499C680324EC5ACE007C31D4 /* SceneDelegate.swift in Sources */,
				4912CEA524F16356003C7AFB /* AvalibleGroupController.swift in Sources */,
				4903F3A124EDB90A00AD7707 /* FriendsTableViewController.swift in Sources */,
				49209E2B24F777A7005D856F /* BackView.swift in Sources */,
			);
			runOnlyForDeploymentPostprocessing = 0;
		};
/* End PBXSourcesBuildPhase section */

/* Begin PBXVariantGroup section */
		499C680624EC5ACE007C31D4 /* Main.storyboard */ = {
			isa = PBXVariantGroup;
			children = (
				499C680724EC5ACE007C31D4 /* Base */,
			);
			name = Main.storyboard;
			sourceTree = "<group>";
		};
		499C680B24EC5AD9007C31D4 /* LaunchScreen.storyboard */ = {
			isa = PBXVariantGroup;
			children = (
				499C680C24EC5AD9007C31D4 /* Base */,
			);
			name = LaunchScreen.storyboard;
			sourceTree = "<group>";
		};
/* End PBXVariantGroup section */

/* Begin XCBuildConfiguration section */
		499C680F24EC5AD9007C31D4 /* Debug */ = {
			isa = XCBuildConfiguration;
			buildSettings = {
				ALWAYS_SEARCH_USER_PATHS = NO;
				CLANG_ANALYZER_NONNULL = YES;
				CLANG_ANALYZER_NUMBER_OBJECT_CONVERSION = YES_AGGRESSIVE;
				CLANG_CXX_LANGUAGE_STANDARD = "gnu++14";
				CLANG_CXX_LIBRARY = "libc++";
				CLANG_ENABLE_MODULES = YES;
				CLANG_ENABLE_OBJC_ARC = YES;
				CLANG_ENABLE_OBJC_WEAK = YES;
				CLANG_WARN_BLOCK_CAPTURE_AUTORELEASING = YES;
				CLANG_WARN_BOOL_CONVERSION = YES;
				CLANG_WARN_COMMA = YES;
				CLANG_WARN_CONSTANT_CONVERSION = YES;
				CLANG_WARN_DEPRECATED_OBJC_IMPLEMENTATIONS = YES;
				CLANG_WARN_DIRECT_OBJC_ISA_USAGE = YES_ERROR;
				CLANG_WARN_DOCUMENTATION_COMMENTS = YES;
				CLANG_WARN_EMPTY_BODY = YES;
				CLANG_WARN_ENUM_CONVERSION = YES;
				CLANG_WARN_INFINITE_RECURSION = YES;
				CLANG_WARN_INT_CONVERSION = YES;
				CLANG_WARN_NON_LITERAL_NULL_CONVERSION = YES;
				CLANG_WARN_OBJC_IMPLICIT_RETAIN_SELF = YES;
				CLANG_WARN_OBJC_LITERAL_CONVERSION = YES;
				CLANG_WARN_OBJC_ROOT_CLASS = YES_ERROR;
				CLANG_WARN_RANGE_LOOP_ANALYSIS = YES;
				CLANG_WARN_STRICT_PROTOTYPES = YES;
				CLANG_WARN_SUSPICIOUS_MOVE = YES;
				CLANG_WARN_UNGUARDED_AVAILABILITY = YES_AGGRESSIVE;
				CLANG_WARN_UNREACHABLE_CODE = YES;
				CLANG_WARN__DUPLICATE_METHOD_MATCH = YES;
				COPY_PHASE_STRIP = NO;
				DEBUG_INFORMATION_FORMAT = dwarf;
				ENABLE_STRICT_OBJC_MSGSEND = YES;
				ENABLE_TESTABILITY = YES;
				GCC_C_LANGUAGE_STANDARD = gnu11;
				GCC_DYNAMIC_NO_PIC = NO;
				GCC_NO_COMMON_BLOCKS = YES;
				GCC_OPTIMIZATION_LEVEL = 0;
				GCC_PREPROCESSOR_DEFINITIONS = (
					"DEBUG=1",
					"$(inherited)",
				);
				GCC_WARN_64_TO_32_BIT_CONVERSION = YES;
				GCC_WARN_ABOUT_RETURN_TYPE = YES_ERROR;
				GCC_WARN_UNDECLARED_SELECTOR = YES;
				GCC_WARN_UNINITIALIZED_AUTOS = YES_AGGRESSIVE;
				GCC_WARN_UNUSED_FUNCTION = YES;
				GCC_WARN_UNUSED_VARIABLE = YES;
				IPHONEOS_DEPLOYMENT_TARGET = 13.6;
				MTL_ENABLE_DEBUG_INFO = INCLUDE_SOURCE;
				MTL_FAST_MATH = YES;
				ONLY_ACTIVE_ARCH = YES;
				SDKROOT = iphoneos;
				SWIFT_ACTIVE_COMPILATION_CONDITIONS = DEBUG;
				SWIFT_OPTIMIZATION_LEVEL = "-Onone";
			};
			name = Debug;
		};
		499C681024EC5AD9007C31D4 /* Release */ = {
			isa = XCBuildConfiguration;
			buildSettings = {
				ALWAYS_SEARCH_USER_PATHS = NO;
				CLANG_ANALYZER_NONNULL = YES;
				CLANG_ANALYZER_NUMBER_OBJECT_CONVERSION = YES_AGGRESSIVE;
				CLANG_CXX_LANGUAGE_STANDARD = "gnu++14";
				CLANG_CXX_LIBRARY = "libc++";
				CLANG_ENABLE_MODULES = YES;
				CLANG_ENABLE_OBJC_ARC = YES;
				CLANG_ENABLE_OBJC_WEAK = YES;
				CLANG_WARN_BLOCK_CAPTURE_AUTORELEASING = YES;
				CLANG_WARN_BOOL_CONVERSION = YES;
				CLANG_WARN_COMMA = YES;
				CLANG_WARN_CONSTANT_CONVERSION = YES;
				CLANG_WARN_DEPRECATED_OBJC_IMPLEMENTATIONS = YES;
				CLANG_WARN_DIRECT_OBJC_ISA_USAGE = YES_ERROR;
				CLANG_WARN_DOCUMENTATION_COMMENTS = YES;
				CLANG_WARN_EMPTY_BODY = YES;
				CLANG_WARN_ENUM_CONVERSION = YES;
				CLANG_WARN_INFINITE_RECURSION = YES;
				CLANG_WARN_INT_CONVERSION = YES;
				CLANG_WARN_NON_LITERAL_NULL_CONVERSION = YES;
				CLANG_WARN_OBJC_IMPLICIT_RETAIN_SELF = YES;
				CLANG_WARN_OBJC_LITERAL_CONVERSION = YES;
				CLANG_WARN_OBJC_ROOT_CLASS = YES_ERROR;
				CLANG_WARN_RANGE_LOOP_ANALYSIS = YES;
				CLANG_WARN_STRICT_PROTOTYPES = YES;
				CLANG_WARN_SUSPICIOUS_MOVE = YES;
				CLANG_WARN_UNGUARDED_AVAILABILITY = YES_AGGRESSIVE;
				CLANG_WARN_UNREACHABLE_CODE = YES;
				CLANG_WARN__DUPLICATE_METHOD_MATCH = YES;
				COPY_PHASE_STRIP = NO;
				DEBUG_INFORMATION_FORMAT = "dwarf-with-dsym";
				ENABLE_NS_ASSERTIONS = NO;
				ENABLE_STRICT_OBJC_MSGSEND = YES;
				GCC_C_LANGUAGE_STANDARD = gnu11;
				GCC_NO_COMMON_BLOCKS = YES;
				GCC_WARN_64_TO_32_BIT_CONVERSION = YES;
				GCC_WARN_ABOUT_RETURN_TYPE = YES_ERROR;
				GCC_WARN_UNDECLARED_SELECTOR = YES;
				GCC_WARN_UNINITIALIZED_AUTOS = YES_AGGRESSIVE;
				GCC_WARN_UNUSED_FUNCTION = YES;
				GCC_WARN_UNUSED_VARIABLE = YES;
				IPHONEOS_DEPLOYMENT_TARGET = 13.6;
				MTL_ENABLE_DEBUG_INFO = NO;
				MTL_FAST_MATH = YES;
				SDKROOT = iphoneos;
				SWIFT_COMPILATION_MODE = wholemodule;
				SWIFT_OPTIMIZATION_LEVEL = "-O";
				VALIDATE_PRODUCT = YES;
			};
			name = Release;
		};
		499C681224EC5AD9007C31D4 /* Debug */ = {
			isa = XCBuildConfiguration;
			buildSettings = {
				ASSETCATALOG_COMPILER_APPICON_NAME = AppIcon;
				CODE_SIGN_STYLE = Automatic;
				DEVELOPMENT_TEAM = 8K9Q339PD3;
				INFOPLIST_FILE = "Own VK App/Info.plist";
				IPHONEOS_DEPLOYMENT_TARGET = 13.0;
				LD_RUNPATH_SEARCH_PATHS = (
					"$(inherited)",
					"@executable_path/Frameworks",
				);
				PRODUCT_BUNDLE_IDENTIFIER = "ru.max.Own-VK-App";
				PRODUCT_NAME = "$(TARGET_NAME)";
				SWIFT_VERSION = 5.0;
				TARGETED_DEVICE_FAMILY = "1,2";
			};
			name = Debug;
		};
		499C681324EC5AD9007C31D4 /* Release */ = {
			isa = XCBuildConfiguration;
			buildSettings = {
				ASSETCATALOG_COMPILER_APPICON_NAME = AppIcon;
				CODE_SIGN_STYLE = Automatic;
				DEVELOPMENT_TEAM = 8K9Q339PD3;
				INFOPLIST_FILE = "Own VK App/Info.plist";
				IPHONEOS_DEPLOYMENT_TARGET = 13.0;
				LD_RUNPATH_SEARCH_PATHS = (
					"$(inherited)",
					"@executable_path/Frameworks",
				);
				PRODUCT_BUNDLE_IDENTIFIER = "ru.max.Own-VK-App";
				PRODUCT_NAME = "$(TARGET_NAME)";
				SWIFT_VERSION = 5.0;
				TARGETED_DEVICE_FAMILY = "1,2";
			};
			name = Release;
		};
/* End XCBuildConfiguration section */

/* Begin XCConfigurationList section */
		499C67F824EC5ACE007C31D4 /* Build configuration list for PBXProject "Own VK App" */ = {
			isa = XCConfigurationList;
			buildConfigurations = (
				499C680F24EC5AD9007C31D4 /* Debug */,
				499C681024EC5AD9007C31D4 /* Release */,
			);
			defaultConfigurationIsVisible = 0;
			defaultConfigurationName = Release;
		};
		499C681124EC5AD9007C31D4 /* Build configuration list for PBXNativeTarget "Own VK App" */ = {
			isa = XCConfigurationList;
			buildConfigurations = (
				499C681224EC5AD9007C31D4 /* Debug */,
				499C681324EC5AD9007C31D4 /* Release */,
			);
			defaultConfigurationIsVisible = 0;
			defaultConfigurationName = Release;
		};
/* End XCConfigurationList section */
	};
	rootObject = 499C67F524EC5ACE007C31D4 /* Project object */;
}
